
Microsoft Visual Studio Solution File, Format Version 12.00
# Visual Studio 15
Project("{FAE04EC0-301F-11D3-BF4B-00C04F79EFBC}") = "vrchat.jordo.easyquestswitch", "vrchat.jordo.easyquestswitch.csproj", "{C71FA91C-BC92-6215-4E53-F51836732CC5}"
EndProject
Project("{FAE04EC0-301F-11D3-BF4B-00C04F79EFBC}") = "VRC.Udon.Serialization.OdinSerializer", "VRC.Udon.Serialization.OdinSerializer.csproj", "{E5DAA6F6-0BD8-2277-88B5-144BD109E5B7}"
EndProject
Project("{FAE04EC0-301F-11D3-BF4B-00C04F79EFBC}") = "Assembly-CSharp", "Assembly-CSharp.csproj", "{13530E38-B115-377E-9E36-11FACB40973D}"
EndProject
Project("{FAE04EC0-301F-11D3-BF4B-00C04F79EFBC}") = "UdonSharp.Editor", "UdonSharp.Editor.csproj", "{571DED17-1FF1-54F9-1B2B-B2BDD8FB4CAB}"
EndProject
Project("{FAE04EC0-301F-11D3-BF4B-00C04F79EFBC}") = "VRC.Udon.Editor", "VRC.Udon.Editor.csproj", "{00F7B911-8B82-316C-9CC1-A079EE350C1D}"
EndProject
Project("{FAE04EC0-301F-11D3-BF4B-00C04F79EFBC}") = "VRC.SDKBase.Editor", "VRC.SDKBase.Editor.csproj", "{B8437951-D141-F46C-FA4B-8936212502FD}"
EndProject
Project("{FAE04EC0-301F-11D3-BF4B-00C04F79EFBC}") = "UniTask", "UniTask.csproj", "{621AE598-60E9-12ED-DC12-E2A04B8C8337}"
EndProject
Project("{FAE04EC0-301F-11D3-BF4B-00C04F79EFBC}") = "VRC.ClientSim", "VRC.ClientSim.csproj", "{BF85A3EC-088B-A703-3821-15B206281723}"
EndProject
Project("{FAE04EC0-301F-11D3-BF4B-00C04F79EFBC}") = "UniTask.Linq", "UniTask.Linq.csproj", "{3D04DEA3-DCFD-2963-DE0A-4671A4F882A7}"
EndProject
Project("{FAE04EC0-301F-11D3-BF4B-00C04F79EFBC}") = "VRC.SDKBase", "VRC.SDKBase.csproj", "{B296BC50-28B5-BF3E-13F6-F860A227FFB3}"
EndProject
Project("{FAE04EC0-301F-11D3-BF4B-00C04F79EFBC}") = "VRC.ClientSim.Editor", "VRC.ClientSim.Editor.csproj", "{27435444-5E0C-34CC-265F-326FAEC08B15}"
EndProject
Project("{FAE04EC0-301F-11D3-BF4B-00C04F79EFBC}") = "VRC.SDK3", "VRC.SDK3.csproj", "{9CD96B07-B8F3-53B1-4370-FECD507D1811}"
EndProject
Project("{FAE04EC0-301F-11D3-BF4B-00C04F79EFBC}") = "NetworkedEventCaller.Runtime", "NetworkedEventCaller.Runtime.csproj", "{13C5A92E-3D2B-1648-708C-AEDA5E2F6FE8}"
EndProject
Project("{FAE04EC0-301F-11D3-BF4B-00C04F79EFBC}") = "VRC.SDK3.Editor", "VRC.SDK3.Editor.csproj", "{797E72FC-C2AD-376B-697E-CBCD5B9BEBEE}"
EndProject
Project("{FAE04EC0-301F-11D3-BF4B-00C04F79EFBC}") = "UniTask.DOTween", "UniTask.DOTween.csproj", "{87308E0A-CF22-DCE8-BD13-12A6AB45A44B}"
EndProject
Project("{FAE04EC0-301F-11D3-BF4B-00C04F79EFBC}") = "UnityEditorTests", "UnityEditorTests.csproj", "{F8EBE8A2-6828-F1F0-ADD9-7C0C7B1CC737}"
EndProject
Project("{FAE04EC0-301F-11D3-BF4B-00C04F79EFBC}") = "VRWorldToolkit.Editor", "VRWorldToolkit.Editor.csproj", "{3E6C2B8F-5539-867E-5834-2B987D9A8FD4}"
EndProject
Project("{FAE04EC0-301F-11D3-BF4B-00C04F79EFBC}") = "VRC.Udon", "VRC.Udon.csproj", "{C1C777AA-AAB2-A474-1A66-F4240FEE693E}"
EndProject
Project("{FAE04EC0-301F-11D3-BF4B-00C04F79EFBC}") = "com.vrchat.core.vpm-resolver.Editor", "com.vrchat.core.vpm-resolver.Editor.csproj", "{F37AEB8D-847F-5C0A-1866-B480CC8DE803}"
EndProject
Project("{FAE04EC0-301F-11D3-BF4B-00C04F79EFBC}") = "VRC.SDKBase.Editor.ShaderStripping", "VRC.SDKBase.Editor.ShaderStripping.csproj", "{F68151FC-E752-1167-7FB2-A2A35899BC55}"
EndProject
Project("{FAE04EC0-301F-11D3-BF4B-00C04F79EFBC}") = "UdonSharp.Runtime", "UdonSharp.Runtime.csproj", "{BC3D9259-373F-DE35-D067-9F6499B08274}"
EndProject
Project("{FAE04EC0-301F-11D3-BF4B-00C04F79EFBC}") = "NetworkedEventCaller.Editor", "NetworkedEventCaller.Editor.csproj", "{559DA435-9938-C9A6-4BE0-1C00B18B953B}"
EndProject
Project("{FAE04EC0-301F-11D3-BF4B-00C04F79EFBC}") = "UniTask.Editor", "UniTask.Editor.csproj", "{02628318-7624-2E75-C581-134B0FEDA205}"
EndProject
Project("{FAE04EC0-301F-11D3-BF4B-00C04F79EFBC}") = "UdonSharp.Lib", "UdonSharp.Lib.csproj", "{77F7B7D0-1FF6-BE7A-79DE-F2507E9997D5}"
EndProject
Project("{FAE04EC0-301F-11D3-BF4B-00C04F79EFBC}") = "VRC.SDKBase.Editor.BuildPipeline", "VRC.SDKBase.Editor.BuildPipeline.csproj", "{529AB405-352F-0C12-FFCB-A14E458B8D69}"
EndProject
Project("{FAE04EC0-301F-11D3-BF4B-00C04F79EFBC}") = "vrchat.jordo.easyquestswitch.Editor", "vrchat.jordo.easyquestswitch.Editor.csproj", "{AC0246B0-2058-EF4F-9131-03D478D687F6}"
EndProject
Project("{FAE04EC0-301F-11D3-BF4B-00C04F79EFBC}") = "UniTask.Addressables", "UniTask.Addressables.csproj", "{EED8A39A-F9F5-F508-9FD5-FB72F598891B}"
EndProject
Project("{FAE04EC0-301F-11D3-BF4B-00C04F79EFBC}") = "Assembly-CSharp-Editor", "Assembly-CSharp-Editor.csproj", "{E471FCB6-B1AF-22DE-5F6D-6FFC72EAC79B}"
EndProject
Project("{FAE04EC0-301F-11D3-BF4B-00C04F79EFBC}") = "UniTask.TextMeshPro", "UniTask.TextMeshPro.csproj", "{4110C6D0-E928-FAD3-B6A6-861043C5D67C}"
EndProject
Global
	GlobalSection(SolutionConfigurationPlatforms) = preSolution
		Debug|Any CPU = Debug|Any CPU
		Release|Any CPU = Release|Any CPU
	EndGlobalSection
	GlobalSection(ProjectConfigurationPlatforms) = postSolution
		{C71FA91C-BC92-6215-4E53-F51836732CC5}.Debug|Any CPU.ActiveCfg = Debug|Any CPU
		{C71FA91C-BC92-6215-4E53-F51836732CC5}.Debug|Any CPU.Build.0 = Debug|Any CPU
		{C71FA91C-BC92-6215-4E53-F51836732CC5}.Release|Any CPU.ActiveCfg = Release|Any CPU
		{C71FA91C-BC92-6215-4E53-F51836732CC5}.Release|Any CPU.Build.0 = Release|Any CPU
		{E5DAA6F6-0BD8-2277-88B5-144BD109E5B7}.Debug|Any CPU.ActiveCfg = Debug|Any CPU
		{E5DAA6F6-0BD8-2277-88B5-144BD109E5B7}.Debug|Any CPU.Build.0 = Debug|Any CPU
		{E5DAA6F6-0BD8-2277-88B5-144BD109E5B7}.Release|Any CPU.ActiveCfg = Release|Any CPU
		{E5DAA6F6-0BD8-2277-88B5-144BD109E5B7}.Release|Any CPU.Build.0 = Release|Any CPU
		{13530E38-B115-377E-9E36-11FACB40973D}.Debug|Any CPU.ActiveCfg = Debug|Any CPU
		{13530E38-B115-377E-9E36-11FACB40973D}.Debug|Any CPU.Build.0 = Debug|Any CPU
		{13530E38-B115-377E-9E36-11FACB40973D}.Release|Any CPU.ActiveCfg = Release|Any CPU
		{13530E38-B115-377E-9E36-11FACB40973D}.Release|Any CPU.Build.0 = Release|Any CPU
		{571DED17-1FF1-54F9-1B2B-B2BDD8FB4CAB}.Debug|Any CPU.ActiveCfg = Debug|Any CPU
		{571DED17-1FF1-54F9-1B2B-B2BDD8FB4CAB}.Debug|Any CPU.Build.0 = Debug|Any CPU
		{571DED17-1FF1-54F9-1B2B-B2BDD8FB4CAB}.Release|Any CPU.ActiveCfg = Release|Any CPU
		{571DED17-1FF1-54F9-1B2B-B2BDD8FB4CAB}.Release|Any CPU.Build.0 = Release|Any CPU
		{00F7B911-8B82-316C-9CC1-A079EE350C1D}.Debug|Any CPU.ActiveCfg = Debug|Any CPU
		{00F7B911-8B82-316C-9CC1-A079EE350C1D}.Debug|Any CPU.Build.0 = Debug|Any CPU
		{00F7B911-8B82-316C-9CC1-A079EE350C1D}.Release|Any CPU.ActiveCfg = Release|Any CPU
		{00F7B911-8B82-316C-9CC1-A079EE350C1D}.Release|Any CPU.Build.0 = Release|Any CPU
		{B8437951-D141-F46C-FA4B-8936212502FD}.Debug|Any CPU.ActiveCfg = Debug|Any CPU
		{B8437951-D141-F46C-FA4B-8936212502FD}.Debug|Any CPU.Build.0 = Debug|Any CPU
		{B8437951-D141-F46C-FA4B-8936212502FD}.Release|Any CPU.ActiveCfg = Release|Any CPU
		{B8437951-D141-F46C-FA4B-8936212502FD}.Release|Any CPU.Build.0 = Release|Any CPU
		{621AE598-60E9-12ED-DC12-E2A04B8C8337}.Debug|Any CPU.ActiveCfg = Debug|Any CPU
		{621AE598-60E9-12ED-DC12-E2A04B8C8337}.Debug|Any CPU.Build.0 = Debug|Any CPU
		{621AE598-60E9-12ED-DC12-E2A04B8C8337}.Release|Any CPU.ActiveCfg = Release|Any CPU
		{621AE598-60E9-12ED-DC12-E2A04B8C8337}.Release|Any CPU.Build.0 = Release|Any CPU
		{BF85A3EC-088B-A703-3821-15B206281723}.Debug|Any CPU.ActiveCfg = Debug|Any CPU
		{BF85A3EC-088B-A703-3821-15B206281723}.Debug|Any CPU.Build.0 = Debug|Any CPU
		{BF85A3EC-088B-A703-3821-15B206281723}.Release|Any CPU.ActiveCfg = Release|Any CPU
		{BF85A3EC-088B-A703-3821-15B206281723}.Release|Any CPU.Build.0 = Release|Any CPU
		{3D04DEA3-DCFD-2963-DE0A-4671A4F882A7}.Debug|Any CPU.ActiveCfg = Debug|Any CPU
		{3D04DEA3-DCFD-2963-DE0A-4671A4F882A7}.Debug|Any CPU.Build.0 = Debug|Any CPU
		{3D04DEA3-DCFD-2963-DE0A-4671A4F882A7}.Release|Any CPU.ActiveCfg = Release|Any CPU
		{3D04DEA3-DCFD-2963-DE0A-4671A4F882A7}.Release|Any CPU.Build.0 = Release|Any CPU
		{B296BC50-28B5-BF3E-13F6-F860A227FFB3}.Debug|Any CPU.ActiveCfg = Debug|Any CPU
		{B296BC50-28B5-BF3E-13F6-F860A227FFB3}.Debug|Any CPU.Build.0 = Debug|Any CPU
		{B296BC50-28B5-BF3E-13F6-F860A227FFB3}.Release|Any CPU.ActiveCfg = Release|Any CPU
		{B296BC50-28B5-BF3E-13F6-F860A227FFB3}.Release|Any CPU.Build.0 = Release|Any CPU
		{27435444-5E0C-34CC-265F-326FAEC08B15}.Debug|Any CPU.ActiveCfg = Debug|Any CPU
		{27435444-5E0C-34CC-265F-326FAEC08B15}.Debug|Any CPU.Build.0 = Debug|Any CPU
		{27435444-5E0C-34CC-265F-326FAEC08B15}.Release|Any CPU.ActiveCfg = Release|Any CPU
		{27435444-5E0C-34CC-265F-326FAEC08B15}.Release|Any CPU.Build.0 = Release|Any CPU
		{9CD96B07-B8F3-53B1-4370-FECD507D1811}.Debug|Any CPU.ActiveCfg = Debug|Any CPU
		{9CD96B07-B8F3-53B1-4370-FECD507D1811}.Debug|Any CPU.Build.0 = Debug|Any CPU
		{9CD96B07-B8F3-53B1-4370-FECD507D1811}.Release|Any CPU.ActiveCfg = Release|Any CPU
		{9CD96B07-B8F3-53B1-4370-FECD507D1811}.Release|Any CPU.Build.0 = Release|Any CPU
		{13C5A92E-3D2B-1648-708C-AEDA5E2F6FE8}.Debug|Any CPU.ActiveCfg = Debug|Any CPU
		{13C5A92E-3D2B-1648-708C-AEDA5E2F6FE8}.Debug|Any CPU.Build.0 = Debug|Any CPU
		{13C5A92E-3D2B-1648-708C-AEDA5E2F6FE8}.Release|Any CPU.ActiveCfg = Release|Any CPU
		{13C5A92E-3D2B-1648-708C-AEDA5E2F6FE8}.Release|Any CPU.Build.0 = Release|Any CPU
		{797E72FC-C2AD-376B-697E-CBCD5B9BEBEE}.Debug|Any CPU.ActiveCfg = Debug|Any CPU
		{797E72FC-C2AD-376B-697E-CBCD5B9BEBEE}.Debug|Any CPU.Build.0 = Debug|Any CPU
		{797E72FC-C2AD-376B-697E-CBCD5B9BEBEE}.Release|Any CPU.ActiveCfg = Release|Any CPU
		{797E72FC-C2AD-376B-697E-CBCD5B9BEBEE}.Release|Any CPU.Build.0 = Release|Any CPU
		{87308E0A-CF22-DCE8-BD13-12A6AB45A44B}.Debug|Any CPU.ActiveCfg = Debug|Any CPU
		{87308E0A-CF22-DCE8-BD13-12A6AB45A44B}.Debug|Any CPU.Build.0 = Debug|Any CPU
		{87308E0A-CF22-DCE8-BD13-12A6AB45A44B}.Release|Any CPU.ActiveCfg = Release|Any CPU
		{87308E0A-CF22-DCE8-BD13-12A6AB45A44B}.Release|Any CPU.Build.0 = Release|Any CPU
		{F8EBE8A2-6828-F1F0-ADD9-7C0C7B1CC737}.Debug|Any CPU.ActiveCfg = Debug|Any CPU
		{F8EBE8A2-6828-F1F0-ADD9-7C0C7B1CC737}.Debug|Any CPU.Build.0 = Debug|Any CPU
		{F8EBE8A2-6828-F1F0-ADD9-7C0C7B1CC737}.Release|Any CPU.ActiveCfg = Release|Any CPU
		{F8EBE8A2-6828-F1F0-ADD9-7C0C7B1CC737}.Release|Any CPU.Build.0 = Release|Any CPU
		{3E6C2B8F-5539-867E-5834-2B987D9A8FD4}.Debug|Any CPU.ActiveCfg = Debug|Any CPU
		{3E6C2B8F-5539-867E-5834-2B987D9A8FD4}.Debug|Any CPU.Build.0 = Debug|Any CPU
		{3E6C2B8F-5539-867E-5834-2B987D9A8FD4}.Release|Any CPU.ActiveCfg = Release|Any CPU
		{3E6C2B8F-5539-867E-5834-2B987D9A8FD4}.Release|Any CPU.Build.0 = Release|Any CPU
		{C1C777AA-AAB2-A474-1A66-F4240FEE693E}.Debug|Any CPU.ActiveCfg = Debug|Any CPU
		{C1C777AA-AAB2-A474-1A66-F4240FEE693E}.Debug|Any CPU.Build.0 = Debug|Any CPU
		{C1C777AA-AAB2-A474-1A66-F4240FEE693E}.Release|Any CPU.ActiveCfg = Release|Any CPU
		{C1C777AA-AAB2-A474-1A66-F4240FEE693E}.Release|Any CPU.Build.0 = Release|Any CPU
		{F37AEB8D-847F-5C0A-1866-B480CC8DE803}.Debug|Any CPU.ActiveCfg = Debug|Any CPU
		{F37AEB8D-847F-5C0A-1866-B480CC8DE803}.Debug|Any CPU.Build.0 = Debug|Any CPU
		{F37AEB8D-847F-5C0A-1866-B480CC8DE803}.Release|Any CPU.ActiveCfg = Release|Any CPU
		{F37AEB8D-847F-5C0A-1866-B480CC8DE803}.Release|Any CPU.Build.0 = Release|Any CPU
		{F68151FC-E752-1167-7FB2-A2A35899BC55}.Debug|Any CPU.ActiveCfg = Debug|Any CPU
		{F68151FC-E752-1167-7FB2-A2A35899BC55}.Debug|Any CPU.Build.0 = Debug|Any CPU
		{F68151FC-E752-1167-7FB2-A2A35899BC55}.Release|Any CPU.ActiveCfg = Release|Any CPU
		{F68151FC-E752-1167-7FB2-A2A35899BC55}.Release|Any CPU.Build.0 = Release|Any CPU
		{BC3D9259-373F-DE35-D067-9F6499B08274}.Debug|Any CPU.ActiveCfg = Debug|Any CPU
		{BC3D9259-373F-DE35-D067-9F6499B08274}.Debug|Any CPU.Build.0 = Debug|Any CPU
		{BC3D9259-373F-DE35-D067-9F6499B08274}.Release|Any CPU.ActiveCfg = Release|Any CPU
		{BC3D9259-373F-DE35-D067-9F6499B08274}.Release|Any CPU.Build.0 = Release|Any CPU
		{559DA435-9938-C9A6-4BE0-1C00B18B953B}.Debug|Any CPU.ActiveCfg = Debug|Any CPU
		{559DA435-9938-C9A6-4BE0-1C00B18B953B}.Debug|Any CPU.Build.0 = Debug|Any CPU
		{559DA435-9938-C9A6-4BE0-1C00B18B953B}.Release|Any CPU.ActiveCfg = Release|Any CPU
		{559DA435-9938-C9A6-4BE0-1C00B18B953B}.Release|Any CPU.Build.0 = Release|Any CPU
		{02628318-7624-2E75-C581-134B0FEDA205}.Debug|Any CPU.ActiveCfg = Debug|Any CPU
		{02628318-7624-2E75-C581-134B0FEDA205}.Debug|Any CPU.Build.0 = Debug|Any CPU
		{02628318-7624-2E75-C581-134B0FEDA205}.Release|Any CPU.ActiveCfg = Release|Any CPU
		{02628318-7624-2E75-C581-134B0FEDA205}.Release|Any CPU.Build.0 = Release|Any CPU
		{77F7B7D0-1FF6-BE7A-79DE-F2507E9997D5}.Debug|Any CPU.ActiveCfg = Debug|Any CPU
		{77F7B7D0-1FF6-BE7A-79DE-F2507E9997D5}.Debug|Any CPU.Build.0 = Debug|Any CPU
		{77F7B7D0-1FF6-BE7A-79DE-F2507E9997D5}.Release|Any CPU.ActiveCfg = Release|Any CPU
		{77F7B7D0-1FF6-BE7A-79DE-F2507E9997D5}.Release|Any CPU.Build.0 = Release|Any CPU
		{529AB405-352F-0C12-FFCB-A14E458B8D69}.Debug|Any CPU.ActiveCfg = Debug|Any CPU
		{529AB405-352F-0C12-FFCB-A14E458B8D69}.Debug|Any CPU.Build.0 = Debug|Any CPU
		{529AB405-352F-0C12-FFCB-A14E458B8D69}.Release|Any CPU.ActiveCfg = Release|Any CPU
		{529AB405-352F-0C12-FFCB-A14E458B8D69}.Release|Any CPU.Build.0 = Release|Any CPU
		{AC0246B0-2058-EF4F-9131-03D478D687F6}.Debug|Any CPU.ActiveCfg = Debug|Any CPU
		{AC0246B0-2058-EF4F-9131-03D478D687F6}.Debug|Any CPU.Build.0 = Debug|Any CPU
		{AC0246B0-2058-EF4F-9131-03D478D687F6}.Release|Any CPU.ActiveCfg = Release|Any CPU
		{AC0246B0-2058-EF4F-9131-03D478D687F6}.Release|Any CPU.Build.0 = Release|Any CPU
		{EED8A39A-F9F5-F508-9FD5-FB72F598891B}.Debug|Any CPU.ActiveCfg = Debug|Any CPU
		{EED8A39A-F9F5-F508-9FD5-FB72F598891B}.Debug|Any CPU.Build.0 = Debug|Any CPU
		{EED8A39A-F9F5-F508-9FD5-FB72F598891B}.Release|Any CPU.ActiveCfg = Release|Any CPU
		{EED8A39A-F9F5-F508-9FD5-FB72F598891B}.Release|Any CPU.Build.0 = Release|Any CPU
		{E471FCB6-B1AF-22DE-5F6D-6FFC72EAC79B}.Debug|Any CPU.ActiveCfg = Debug|Any CPU
		{E471FCB6-B1AF-22DE-5F6D-6FFC72EAC79B}.Debug|Any CPU.Build.0 = Debug|Any CPU
		{E471FCB6-B1AF-22DE-5F6D-6FFC72EAC79B}.Release|Any CPU.ActiveCfg = Release|Any CPU
		{E471FCB6-B1AF-22DE-5F6D-6FFC72EAC79B}.Release|Any CPU.Build.0 = Release|Any CPU
		{4110C6D0-E928-FAD3-B6A6-861043C5D67C}.Debug|Any CPU.ActiveCfg = Debug|Any CPU
		{4110C6D0-E928-FAD3-B6A6-861043C5D67C}.Debug|Any CPU.Build.0 = Debug|Any CPU
		{4110C6D0-E928-FAD3-B6A6-861043C5D67C}.Release|Any CPU.ActiveCfg = Release|Any CPU
		{4110C6D0-E928-FAD3-B6A6-861043C5D67C}.Release|Any CPU.Build.0 = Release|Any CPU
	EndGlobalSection
	GlobalSection(SolutionProperties) = preSolution
		HideSolutionNode = FALSE
	EndGlobalSection
EndGlobal
