
Microsoft Visual Studio Solution File, Format Version 12.00
# Visual Studio 15
Project("{FAE04EC0-301F-11D3-BF4B-00C04F79EFBC}") = "vrchat.jordo.easyquestswitch", "vrchat.jordo.easyquestswitch.csproj", "{1ABD4468-C35F-4ED6-B9F0-5E29B18B4A51}"
EndProject
Project("{FAE04EC0-301F-11D3-BF4B-00C04F79EFBC}") = "VRC.Udon.Serialization.OdinSerializer", "VRC.Udon.Serialization.OdinSerializer.csproj", "{64669877-360A-00A0-9990-BA56AA889F24}"
EndProject
Project("{FAE04EC0-301F-11D3-BF4B-00C04F79EFBC}") = "Assembly-CSharp", "Assembly-CSharp.csproj", "{2052AE68-9ED6-D271-4D9E-971AF49A2E48}"
EndProject
Project("{FAE04EC0-301F-11D3-BF4B-00C04F79EFBC}") = "UdonSharp.Editor", "UdonSharp.Editor.csproj", "{99939F61-5869-F2B6-E1B7-91952B277EC4}"
EndProject
Project("{FAE04EC0-301F-11D3-BF4B-00C04F79EFBC}") = "VRC.Udon.Editor", "VRC.Udon.Editor.csproj", "{BBFF7C8B-C8B5-E4CE-8F13-3B363962310A}"
EndProject
Project("{FAE04EC0-301F-11D3-BF4B-00C04F79EFBC}") = "VRC.SDKBase.Editor", "VRC.SDKBase.Editor.csproj", "{3E695D0E-DABA-86BA-D162-4FD2553692DA}"
EndProject
Project("{FAE04EC0-301F-11D3-BF4B-00C04F79EFBC}") = "UniTask", "UniTask.csproj", "{621AF75E-B6D3-4DA8-0C31-C0764BE338DE}"
EndProject
Project("{FAE04EC0-301F-11D3-BF4B-00C04F79EFBC}") = "VRC.ClientSim", "VRC.ClientSim.csproj", "{D7209520-9C67-30E0-914B-57B8D51B9F57}"
EndProject
Project("{FAE04EC0-301F-11D3-BF4B-00C04F79EFBC}") = "UniTask.Linq", "UniTask.Linq.csproj", "{2416AC68-1712-C83C-29D2-92529C0D295F}"
EndProject
Project("{FAE04EC0-301F-11D3-BF4B-00C04F79EFBC}") = "VRC.SDKBase", "VRC.SDKBase.csproj", "{85F29577-9C34-9143-EB8B-6AE71C403CA0}"
EndProject
Project("{FAE04EC0-301F-11D3-BF4B-00C04F79EFBC}") = "VRC.ClientSim.Editor", "VRC.ClientSim.Editor.csproj", "{15E7A7C6-3EBD-2E20-12B2-AEC74E6C3F6B}"
EndProject
Project("{FAE04EC0-301F-11D3-BF4B-00C04F79EFBC}") = "VRC.SDK3", "VRC.SDK3.csproj", "{45351F91-FA9B-876B-4F7A-ECBA967BC6DD}"
EndProject
Project("{FAE04EC0-301F-11D3-BF4B-00C04F79EFBC}") = "NetworkedEventCaller.Runtime", "NetworkedEventCaller.Runtime.csproj", "{525D1DAD-E55F-85F0-6CF6-7BE90547A6A4}"
EndProject
Project("{FAE04EC0-301F-11D3-BF4B-00C04F79EFBC}") = "VRC.SDK3.Editor", "VRC.SDK3.Editor.csproj", "{E886F7B6-F354-4477-A627-EC8256582D04}"
EndProject
Project("{FAE04EC0-301F-11D3-BF4B-00C04F79EFBC}") = "UniTask.DOTween", "UniTask.DOTween.csproj", "{024765B1-2BC4-F1D3-A1DD-7B2ADABA1BBD}"
EndProject
Project("{FAE04EC0-301F-11D3-BF4B-00C04F79EFBC}") = "UnityEditorTests", "UnityEditorTests.csproj", "{3D1D0311-B533-5456-B8D5-AD7F383B66E4}"
EndProject
Project("{FAE04EC0-301F-11D3-BF4B-00C04F79EFBC}") = "VRWorldToolkit.Editor", "VRWorldToolkit.Editor.csproj", "{10A3E67F-5451-3643-7E71-6B7456774A8E}"
EndProject
Project("{FAE04EC0-301F-11D3-BF4B-00C04F79EFBC}") = "VRC.Udon", "VRC.Udon.csproj", "{D1A8F15D-FB83-4CA2-A207-36A902C6B62D}"
EndProject
Project("{FAE04EC0-301F-11D3-BF4B-00C04F79EFBC}") = "com.vrchat.core.vpm-resolver.Editor", "com.vrchat.core.vpm-resolver.Editor.csproj", "{798BF282-E028-7419-2B60-05308A342076}"
EndProject
Project("{FAE04EC0-301F-11D3-BF4B-00C04F79EFBC}") = "VRC.SDKBase.Editor.ShaderStripping", "VRC.SDKBase.Editor.ShaderStripping.csproj", "{41873A46-682D-747D-23C9-2A92A3D6D6B2}"
EndProject
Project("{FAE04EC0-301F-11D3-BF4B-00C04F79EFBC}") = "UdonSharp.Runtime", "UdonSharp.Runtime.csproj", "{EB7402EF-195E-BC12-2A6B-3C147C82A937}"
EndProject
Project("{FAE04EC0-301F-11D3-BF4B-00C04F79EFBC}") = "NetworkedEventCaller.Editor", "NetworkedEventCaller.Editor.csproj", "{93D87FE6-E747-817F-3556-830F55BAFF9B}"
EndProject
Project("{FAE04EC0-301F-11D3-BF4B-00C04F79EFBC}") = "UniTask.Editor", "UniTask.Editor.csproj", "{13AFD7F5-07A9-AD6D-20FE-54D92A1C82EA}"
EndProject
Project("{FAE04EC0-301F-11D3-BF4B-00C04F79EFBC}") = "UdonSharp.Lib", "UdonSharp.Lib.csproj", "{4429C4BA-3CC7-59E6-B198-B7C0862D087A}"
EndProject
Project("{FAE04EC0-301F-11D3-BF4B-00C04F79EFBC}") = "VRC.SDKBase.Editor.BuildPipeline", "VRC.SDKBase.Editor.BuildPipeline.csproj", "{FD69B6B5-6213-B334-B938-6055AEA3BFB7}"
EndProject
Project("{FAE04EC0-301F-11D3-BF4B-00C04F79EFBC}") = "vrchat.jordo.easyquestswitch.Editor", "vrchat.jordo.easyquestswitch.Editor.csproj", "{1E6CAB54-11E5-1AB3-8AA1-49670CF0E5CC}"
EndProject
Project("{FAE04EC0-301F-11D3-BF4B-00C04F79EFBC}") = "UniTask.Addressables", "UniTask.Addressables.csproj", "{1BE1236A-0C28-AB46-39F2-2D2F2167A9F9}"
EndProject
Project("{FAE04EC0-301F-11D3-BF4B-00C04F79EFBC}") = "Assembly-CSharp-Editor", "Assembly-CSharp-Editor.csproj", "{8812D550-947C-D77C-F9A9-BCE5C0CFA8F7}"
EndProject
Project("{FAE04EC0-301F-11D3-BF4B-00C04F79EFBC}") = "UniTask.TextMeshPro", "UniTask.TextMeshPro.csproj", "{E3CF8468-A9D8-B55A-35C6-B07A99DB7FF0}"
EndProject
Global
	GlobalSection(SolutionConfigurationPlatforms) = preSolution
		Debug|Any CPU = Debug|Any CPU
		Release|Any CPU = Release|Any CPU
	EndGlobalSection
	GlobalSection(ProjectConfigurationPlatforms) = postSolution
		{1ABD4468-C35F-4ED6-B9F0-5E29B18B4A51}.Debug|Any CPU.ActiveCfg = Debug|Any CPU
		{1ABD4468-C35F-4ED6-B9F0-5E29B18B4A51}.Debug|Any CPU.Build.0 = Debug|Any CPU
		{1ABD4468-C35F-4ED6-B9F0-5E29B18B4A51}.Release|Any CPU.ActiveCfg = Release|Any CPU
		{1ABD4468-C35F-4ED6-B9F0-5E29B18B4A51}.Release|Any CPU.Build.0 = Release|Any CPU
		{64669877-360A-00A0-9990-BA56AA889F24}.Debug|Any CPU.ActiveCfg = Debug|Any CPU
		{64669877-360A-00A0-9990-BA56AA889F24}.Debug|Any CPU.Build.0 = Debug|Any CPU
		{64669877-360A-00A0-9990-BA56AA889F24}.Release|Any CPU.ActiveCfg = Release|Any CPU
		{64669877-360A-00A0-9990-BA56AA889F24}.Release|Any CPU.Build.0 = Release|Any CPU
		{2052AE68-9ED6-D271-4D9E-971AF49A2E48}.Debug|Any CPU.ActiveCfg = Debug|Any CPU
		{2052AE68-9ED6-D271-4D9E-971AF49A2E48}.Debug|Any CPU.Build.0 = Debug|Any CPU
		{2052AE68-9ED6-D271-4D9E-971AF49A2E48}.Release|Any CPU.ActiveCfg = Release|Any CPU
		{2052AE68-9ED6-D271-4D9E-971AF49A2E48}.Release|Any CPU.Build.0 = Release|Any CPU
		{99939F61-5869-F2B6-E1B7-91952B277EC4}.Debug|Any CPU.ActiveCfg = Debug|Any CPU
		{99939F61-5869-F2B6-E1B7-91952B277EC4}.Debug|Any CPU.Build.0 = Debug|Any CPU
		{99939F61-5869-F2B6-E1B7-91952B277EC4}.Release|Any CPU.ActiveCfg = Release|Any CPU
		{99939F61-5869-F2B6-E1B7-91952B277EC4}.Release|Any CPU.Build.0 = Release|Any CPU
		{BBFF7C8B-C8B5-E4CE-8F13-3B363962310A}.Debug|Any CPU.ActiveCfg = Debug|Any CPU
		{BBFF7C8B-C8B5-E4CE-8F13-3B363962310A}.Debug|Any CPU.Build.0 = Debug|Any CPU
		{BBFF7C8B-C8B5-E4CE-8F13-3B363962310A}.Release|Any CPU.ActiveCfg = Release|Any CPU
		{BBFF7C8B-C8B5-E4CE-8F13-3B363962310A}.Release|Any CPU.Build.0 = Release|Any CPU
		{3E695D0E-DABA-86BA-D162-4FD2553692DA}.Debug|Any CPU.ActiveCfg = Debug|Any CPU
		{3E695D0E-DABA-86BA-D162-4FD2553692DA}.Debug|Any CPU.Build.0 = Debug|Any CPU
		{3E695D0E-DABA-86BA-D162-4FD2553692DA}.Release|Any CPU.ActiveCfg = Release|Any CPU
		{3E695D0E-DABA-86BA-D162-4FD2553692DA}.Release|Any CPU.Build.0 = Release|Any CPU
		{621AF75E-B6D3-4DA8-0C31-C0764BE338DE}.Debug|Any CPU.ActiveCfg = Debug|Any CPU
		{621AF75E-B6D3-4DA8-0C31-C0764BE338DE}.Debug|Any CPU.Build.0 = Debug|Any CPU
		{621AF75E-B6D3-4DA8-0C31-C0764BE338DE}.Release|Any CPU.ActiveCfg = Release|Any CPU
		{621AF75E-B6D3-4DA8-0C31-C0764BE338DE}.Release|Any CPU.Build.0 = Release|Any CPU
		{D7209520-9C67-30E0-914B-57B8D51B9F57}.Debug|Any CPU.ActiveCfg = Debug|Any CPU
		{D7209520-9C67-30E0-914B-57B8D51B9F57}.Debug|Any CPU.Build.0 = Debug|Any CPU
		{D7209520-9C67-30E0-914B-57B8D51B9F57}.Release|Any CPU.ActiveCfg = Release|Any CPU
		{D7209520-9C67-30E0-914B-57B8D51B9F57}.Release|Any CPU.Build.0 = Release|Any CPU
		{2416AC68-1712-C83C-29D2-92529C0D295F}.Debug|Any CPU.ActiveCfg = Debug|Any CPU
		{2416AC68-1712-C83C-29D2-92529C0D295F}.Debug|Any CPU.Build.0 = Debug|Any CPU
		{2416AC68-1712-C83C-29D2-92529C0D295F}.Release|Any CPU.ActiveCfg = Release|Any CPU
		{2416AC68-1712-C83C-29D2-92529C0D295F}.Release|Any CPU.Build.0 = Release|Any CPU
		{85F29577-9C34-9143-EB8B-6AE71C403CA0}.Debug|Any CPU.ActiveCfg = Debug|Any CPU
		{85F29577-9C34-9143-EB8B-6AE71C403CA0}.Debug|Any CPU.Build.0 = Debug|Any CPU
		{85F29577-9C34-9143-EB8B-6AE71C403CA0}.Release|Any CPU.ActiveCfg = Release|Any CPU
		{85F29577-9C34-9143-EB8B-6AE71C403CA0}.Release|Any CPU.Build.0 = Release|Any CPU
		{15E7A7C6-3EBD-2E20-12B2-AEC74E6C3F6B}.Debug|Any CPU.ActiveCfg = Debug|Any CPU
		{15E7A7C6-3EBD-2E20-12B2-AEC74E6C3F6B}.Debug|Any CPU.Build.0 = Debug|Any CPU
		{15E7A7C6-3EBD-2E20-12B2-AEC74E6C3F6B}.Release|Any CPU.ActiveCfg = Release|Any CPU
		{15E7A7C6-3EBD-2E20-12B2-AEC74E6C3F6B}.Release|Any CPU.Build.0 = Release|Any CPU
		{45351F91-FA9B-876B-4F7A-ECBA967BC6DD}.Debug|Any CPU.ActiveCfg = Debug|Any CPU
		{45351F91-FA9B-876B-4F7A-ECBA967BC6DD}.Debug|Any CPU.Build.0 = Debug|Any CPU
		{45351F91-FA9B-876B-4F7A-ECBA967BC6DD}.Release|Any CPU.ActiveCfg = Release|Any CPU
		{45351F91-FA9B-876B-4F7A-ECBA967BC6DD}.Release|Any CPU.Build.0 = Release|Any CPU
		{525D1DAD-E55F-85F0-6CF6-7BE90547A6A4}.Debug|Any CPU.ActiveCfg = Debug|Any CPU
		{525D1DAD-E55F-85F0-6CF6-7BE90547A6A4}.Debug|Any CPU.Build.0 = Debug|Any CPU
		{525D1DAD-E55F-85F0-6CF6-7BE90547A6A4}.Release|Any CPU.ActiveCfg = Release|Any CPU
		{525D1DAD-E55F-85F0-6CF6-7BE90547A6A4}.Release|Any CPU.Build.0 = Release|Any CPU
		{E886F7B6-F354-4477-A627-EC8256582D04}.Debug|Any CPU.ActiveCfg = Debug|Any CPU
		{E886F7B6-F354-4477-A627-EC8256582D04}.Debug|Any CPU.Build.0 = Debug|Any CPU
		{E886F7B6-F354-4477-A627-EC8256582D04}.Release|Any CPU.ActiveCfg = Release|Any CPU
		{E886F7B6-F354-4477-A627-EC8256582D04}.Release|Any CPU.Build.0 = Release|Any CPU
		{024765B1-2BC4-F1D3-A1DD-7B2ADABA1BBD}.Debug|Any CPU.ActiveCfg = Debug|Any CPU
		{024765B1-2BC4-F1D3-A1DD-7B2ADABA1BBD}.Debug|Any CPU.Build.0 = Debug|Any CPU
		{024765B1-2BC4-F1D3-A1DD-7B2ADABA1BBD}.Release|Any CPU.ActiveCfg = Release|Any CPU
		{024765B1-2BC4-F1D3-A1DD-7B2ADABA1BBD}.Release|Any CPU.Build.0 = Release|Any CPU
		{3D1D0311-B533-5456-B8D5-AD7F383B66E4}.Debug|Any CPU.ActiveCfg = Debug|Any CPU
		{3D1D0311-B533-5456-B8D5-AD7F383B66E4}.Debug|Any CPU.Build.0 = Debug|Any CPU
		{3D1D0311-B533-5456-B8D5-AD7F383B66E4}.Release|Any CPU.ActiveCfg = Release|Any CPU
		{3D1D0311-B533-5456-B8D5-AD7F383B66E4}.Release|Any CPU.Build.0 = Release|Any CPU
		{10A3E67F-5451-3643-7E71-6B7456774A8E}.Debug|Any CPU.ActiveCfg = Debug|Any CPU
		{10A3E67F-5451-3643-7E71-6B7456774A8E}.Debug|Any CPU.Build.0 = Debug|Any CPU
		{10A3E67F-5451-3643-7E71-6B7456774A8E}.Release|Any CPU.ActiveCfg = Release|Any CPU
		{10A3E67F-5451-3643-7E71-6B7456774A8E}.Release|Any CPU.Build.0 = Release|Any CPU
		{D1A8F15D-FB83-4CA2-A207-36A902C6B62D}.Debug|Any CPU.ActiveCfg = Debug|Any CPU
		{D1A8F15D-FB83-4CA2-A207-36A902C6B62D}.Debug|Any CPU.Build.0 = Debug|Any CPU
		{D1A8F15D-FB83-4CA2-A207-36A902C6B62D}.Release|Any CPU.ActiveCfg = Release|Any CPU
		{D1A8F15D-FB83-4CA2-A207-36A902C6B62D}.Release|Any CPU.Build.0 = Release|Any CPU
		{798BF282-E028-7419-2B60-05308A342076}.Debug|Any CPU.ActiveCfg = Debug|Any CPU
		{798BF282-E028-7419-2B60-05308A342076}.Debug|Any CPU.Build.0 = Debug|Any CPU
		{798BF282-E028-7419-2B60-05308A342076}.Release|Any CPU.ActiveCfg = Release|Any CPU
		{798BF282-E028-7419-2B60-05308A342076}.Release|Any CPU.Build.0 = Release|Any CPU
		{41873A46-682D-747D-23C9-2A92A3D6D6B2}.Debug|Any CPU.ActiveCfg = Debug|Any CPU
		{41873A46-682D-747D-23C9-2A92A3D6D6B2}.Debug|Any CPU.Build.0 = Debug|Any CPU
		{41873A46-682D-747D-23C9-2A92A3D6D6B2}.Release|Any CPU.ActiveCfg = Release|Any CPU
		{41873A46-682D-747D-23C9-2A92A3D6D6B2}.Release|Any CPU.Build.0 = Release|Any CPU
		{EB7402EF-195E-BC12-2A6B-3C147C82A937}.Debug|Any CPU.ActiveCfg = Debug|Any CPU
		{EB7402EF-195E-BC12-2A6B-3C147C82A937}.Debug|Any CPU.Build.0 = Debug|Any CPU
		{EB7402EF-195E-BC12-2A6B-3C147C82A937}.Release|Any CPU.ActiveCfg = Release|Any CPU
		{EB7402EF-195E-BC12-2A6B-3C147C82A937}.Release|Any CPU.Build.0 = Release|Any CPU
		{93D87FE6-E747-817F-3556-830F55BAFF9B}.Debug|Any CPU.ActiveCfg = Debug|Any CPU
		{93D87FE6-E747-817F-3556-830F55BAFF9B}.Debug|Any CPU.Build.0 = Debug|Any CPU
		{93D87FE6-E747-817F-3556-830F55BAFF9B}.Release|Any CPU.ActiveCfg = Release|Any CPU
		{93D87FE6-E747-817F-3556-830F55BAFF9B}.Release|Any CPU.Build.0 = Release|Any CPU
		{13AFD7F5-07A9-AD6D-20FE-54D92A1C82EA}.Debug|Any CPU.ActiveCfg = Debug|Any CPU
		{13AFD7F5-07A9-AD6D-20FE-54D92A1C82EA}.Debug|Any CPU.Build.0 = Debug|Any CPU
		{13AFD7F5-07A9-AD6D-20FE-54D92A1C82EA}.Release|Any CPU.ActiveCfg = Release|Any CPU
		{13AFD7F5-07A9-AD6D-20FE-54D92A1C82EA}.Release|Any CPU.Build.0 = Release|Any CPU
		{4429C4BA-3CC7-59E6-B198-B7C0862D087A}.Debug|Any CPU.ActiveCfg = Debug|Any CPU
		{4429C4BA-3CC7-59E6-B198-B7C0862D087A}.Debug|Any CPU.Build.0 = Debug|Any CPU
		{4429C4BA-3CC7-59E6-B198-B7C0862D087A}.Release|Any CPU.ActiveCfg = Release|Any CPU
		{4429C4BA-3CC7-59E6-B198-B7C0862D087A}.Release|Any CPU.Build.0 = Release|Any CPU
		{FD69B6B5-6213-B334-B938-6055AEA3BFB7}.Debug|Any CPU.ActiveCfg = Debug|Any CPU
		{FD69B6B5-6213-B334-B938-6055AEA3BFB7}.Debug|Any CPU.Build.0 = Debug|Any CPU
		{FD69B6B5-6213-B334-B938-6055AEA3BFB7}.Release|Any CPU.ActiveCfg = Release|Any CPU
		{FD69B6B5-6213-B334-B938-6055AEA3BFB7}.Release|Any CPU.Build.0 = Release|Any CPU
		{1E6CAB54-11E5-1AB3-8AA1-49670CF0E5CC}.Debug|Any CPU.ActiveCfg = Debug|Any CPU
		{1E6CAB54-11E5-1AB3-8AA1-49670CF0E5CC}.Debug|Any CPU.Build.0 = Debug|Any CPU
		{1E6CAB54-11E5-1AB3-8AA1-49670CF0E5CC}.Release|Any CPU.ActiveCfg = Release|Any CPU
		{1E6CAB54-11E5-1AB3-8AA1-49670CF0E5CC}.Release|Any CPU.Build.0 = Release|Any CPU
		{1BE1236A-0C28-AB46-39F2-2D2F2167A9F9}.Debug|Any CPU.ActiveCfg = Debug|Any CPU
		{1BE1236A-0C28-AB46-39F2-2D2F2167A9F9}.Debug|Any CPU.Build.0 = Debug|Any CPU
		{1BE1236A-0C28-AB46-39F2-2D2F2167A9F9}.Release|Any CPU.ActiveCfg = Release|Any CPU
		{1BE1236A-0C28-AB46-39F2-2D2F2167A9F9}.Release|Any CPU.Build.0 = Release|Any CPU
		{8812D550-947C-D77C-F9A9-BCE5C0CFA8F7}.Debug|Any CPU.ActiveCfg = Debug|Any CPU
		{8812D550-947C-D77C-F9A9-BCE5C0CFA8F7}.Debug|Any CPU.Build.0 = Debug|Any CPU
		{8812D550-947C-D77C-F9A9-BCE5C0CFA8F7}.Release|Any CPU.ActiveCfg = Release|Any CPU
		{8812D550-947C-D77C-F9A9-BCE5C0CFA8F7}.Release|Any CPU.Build.0 = Release|Any CPU
		{E3CF8468-A9D8-B55A-35C6-B07A99DB7FF0}.Debug|Any CPU.ActiveCfg = Debug|Any CPU
		{E3CF8468-A9D8-B55A-35C6-B07A99DB7FF0}.Debug|Any CPU.Build.0 = Debug|Any CPU
		{E3CF8468-A9D8-B55A-35C6-B07A99DB7FF0}.Release|Any CPU.ActiveCfg = Release|Any CPU
		{E3CF8468-A9D8-B55A-35C6-B07A99DB7FF0}.Release|Any CPU.Build.0 = Release|Any CPU
	EndGlobalSection
	GlobalSection(SolutionProperties) = preSolution
		HideSolutionNode = FALSE
	EndGlobalSection
EndGlobal
